
Microsoft Visual Studio Solution File, Format Version 12.00
# Visual Studio Version 17
VisualStudioVersion = 17.11.35312.102
MinimumVisualStudioVersion = 10.0.40219.1
Project("{9A19103F-16F7-4668-BE54-9A1E7A4F7556}") = "bmdbWebAPIEF", "bmdbWebAPIEF\bmdbWebAPIEF.csproj", "{928FBA49-E57F-4EF0-BCB6-41471E4CDAE3}"
EndProject
Global
	GlobalSection(SolutionConfigurationPlatforms) = preSolution
		Debug|Any CPU = Debug|Any CPU
		Release|Any CPU = Release|Any CPU
	EndGlobalSection
	GlobalSection(ProjectConfigurationPlatforms) = postSolution
		{928FBA49-E57F-4EF0-BCB6-41471E4CDAE3}.Debug|Any CPU.ActiveCfg = Debug|Any CPU
		{928FBA49-E57F-4EF0-BCB6-41471E4CDAE3}.Debug|Any CPU.Build.0 = Debug|Any CPU
		{928FBA49-E57F-4EF0-BCB6-41471E4CDAE3}.Release|Any CPU.ActiveCfg = Release|Any CPU
		{928FBA49-E57F-4EF0-BCB6-41471E4CDAE3}.Release|Any CPU.Build.0 = Release|Any CPU
	EndGlobalSection
	GlobalSection(SolutionProperties) = preSolution
		HideSolutionNode = FALSE
	EndGlobalSection
	GlobalSection(ExtensibilityGlobals) = postSolution
		SolutionGuid = {E15A1D10-6D88-4A5E-8C39-A7B7C9C8E0E2}
	EndGlobalSection
EndGlobal
