
Microsoft Visual Studio Solution File, Format Version 12.00
# Visual Studio Version 17
VisualStudioVersion = 17.11.35312.102
MinimumVisualStudioVersion = 10.0.40219.1
Project("{FAE04EC0-301F-11D3-BF4B-00C04F79EFBC}") = "MoviesWebApi", "MoviesWebApi\MoviesWebApi.csproj", "{1348A56B-0344-499F-ABC9-AD60AA362742}"
EndProject
Global
	GlobalSection(SolutionConfigurationPlatforms) = preSolution
		Debug|Any CPU = Debug|Any CPU
		Release|Any CPU = Release|Any CPU
	EndGlobalSection
	GlobalSection(ProjectConfigurationPlatforms) = postSolution
		{1348A56B-0344-499F-ABC9-AD60AA362742}.Debug|Any CPU.ActiveCfg = Debug|Any CPU
		{1348A56B-0344-499F-ABC9-AD60AA362742}.Debug|Any CPU.Build.0 = Debug|Any CPU
		{1348A56B-0344-499F-ABC9-AD60AA362742}.Release|Any CPU.ActiveCfg = Release|Any CPU
		{1348A56B-0344-499F-ABC9-AD60AA362742}.Release|Any CPU.Build.0 = Release|Any CPU
	EndGlobalSection
	GlobalSection(SolutionProperties) = preSolution
		HideSolutionNode = FALSE
	EndGlobalSection
	GlobalSection(ExtensibilityGlobals) = postSolution
		SolutionGuid = {1BDB2950-E3AD-4B56-BF92-831152FE479F}
	EndGlobalSection
EndGlobal
